github.com/m-s-sh/mockhw v0.0.0-20250706094054-c4d5cfd4ce85 h1:jBYPnZP5F4Wxp0/rsN7oLkwKqmFy58kUsarkleEIwVs=
github.com/m-s-sh/mockhw v0.0.0-20250706094054-c4d5cfd4ce85/go.mod h1:y5WNteFBd+pzWxP0b5mj70GjxlebXJ/sdVtSzcGlgwk=
github.com/m-s-sh/mockhw v0.0.2 h1:9Eq/lP2DwKMiVzkWibyd6gcBmmN2miPNuPIB6SM5qqw=
github.com/m-s-sh/mockhw v0.0.2/go.mod h1:y5WNteFBd+pzWxP0b5mj70GjxlebXJ/sdVtSzcGlgwk=
